{
  "name": "hello-nlp",
  "version": "1.0.0",
  "lockfileVersion": 1,
  "requires": true,
  "dependencies": {
    "cytoscape": {
      "version": "3.15.2",
      "resolved": "https://registry.npmjs.org/cytoscape/-/cytoscape-3.15.2.tgz",
      "integrity": "sha512-HCAWjKYH60wMAl4x/QwInVuqQapJn/y6U98T0hl1WAiaNasvgIO5i+oUzddf/exG1oVKfXSNQz6E5Em6c2+HFA==",
      "requires": {
        "heap": "^0.2.6",
        "lodash.debounce": "^4.0.8"
      }
    },
    "heap": {
      "version": "0.2.6",
      "resolved": "https://registry.npmjs.org/heap/-/heap-0.2.6.tgz",
      "integrity": "sha1-CH4fELBGky/IWU3Z5tN4r8nR5aw="
    },
    "lodash.debounce": {
      "version": "4.0.8",
      "resolved": "https://registry.npmjs.org/lodash.debounce/-/lodash.debounce-4.0.8.tgz",
      "integrity": "sha1-gteb/zCmfEAF/9XiUVMArZyk168="
    }
  }
}
