{
  "name": "js",
  "version": "1.0.0",
  "lockfileVersion": 1,
  "requires": true,
  "dependencies": {
    "cytoscape": {
      "version": "3.16.1",
      "resolved": "https://registry.npmjs.org/cytoscape/-/cytoscape-3.16.1.tgz",
      "integrity": "sha512-/v5x34izBlUs0ELZP5ELYJzKZjHLkgWtoe4Uu0OEUcagzo/198hUzTze2R1Td8Ve9ASeU5y36C355aR1I2pd7w==",
      "requires": {
        "heap": "^0.2.6",
        "lodash.debounce": "^4.0.8"
      }
    },
    "heap": {
      "version": "0.2.6",
      "resolved": "https://registry.npmjs.org/heap/-/heap-0.2.6.tgz",
      "integrity": "sha1-CH4fELBGky/IWU3Z5tN4r8nR5aw="
    },
    "lodash.debounce": {
      "version": "4.0.8",
      "resolved": "https://registry.npmjs.org/lodash.debounce/-/lodash.debounce-4.0.8.tgz",
      "integrity": "sha1-gteb/zCmfEAF/9XiUVMArZyk168="
    }
  }
}
